
Microsoft Visual Studio Solution File, Format Version 12.00
# Visual Studio Version 17
VisualStudioVersion = 17.3.32811.315
MinimumVisualStudioVersion = 10.0.40219.1
Project("{FAE04EC0-301F-11D3-BF4B-00C04F79EFBC}") = "Cierre y apertura", "Cierre y apertura\Cierre y apertura.csproj", "{9C3B3745-0ACF-4D64-A5A0-2B56588D9A56}"
EndProject
Global
	GlobalSection(SolutionConfigurationPlatforms) = preSolution
		Debug|Any CPU = Debug|Any CPU
		Release|Any CPU = Release|Any CPU
	EndGlobalSection
	GlobalSection(ProjectConfigurationPlatforms) = postSolution
		{9C3B3745-0ACF-4D64-A5A0-2B56588D9A56}.Debug|Any CPU.ActiveCfg = Debug|Any CPU
		{9C3B3745-0ACF-4D64-A5A0-2B56588D9A56}.Debug|Any CPU.Build.0 = Debug|Any CPU
		{9C3B3745-0ACF-4D64-A5A0-2B56588D9A56}.Release|Any CPU.ActiveCfg = Release|Any CPU
		{9C3B3745-0ACF-4D64-A5A0-2B56588D9A56}.Release|Any CPU.Build.0 = Release|Any CPU
	EndGlobalSection
	GlobalSection(SolutionProperties) = preSolution
		HideSolutionNode = FALSE
	EndGlobalSection
	GlobalSection(ExtensibilityGlobals) = postSolution
		SolutionGuid = {D0ABCB21-EA49-4D9F-AB13-66BFCB4C3FBF}
	EndGlobalSection
EndGlobal
