
Microsoft Visual Studio Solution File, Format Version 12.00
# Visual Studio Version 17
VisualStudioVersion = 17.3.32811.315
MinimumVisualStudioVersion = 10.0.40219.1
Project("{FAE04EC0-301F-11D3-BF4B-00C04F79EFBC}") = "Sistema", "Sistema\Sistema.csproj", "{2FEE98FD-AAC8-47C4-9E56-E0CBE54F00CF}"
EndProject
Global
	GlobalSection(SolutionConfigurationPlatforms) = preSolution
		Debug|Any CPU = Debug|Any CPU
		Release|Any CPU = Release|Any CPU
	EndGlobalSection
	GlobalSection(ProjectConfigurationPlatforms) = postSolution
		{2FEE98FD-AAC8-47C4-9E56-E0CBE54F00CF}.Debug|Any CPU.ActiveCfg = Debug|Any CPU
		{2FEE98FD-AAC8-47C4-9E56-E0CBE54F00CF}.Debug|Any CPU.Build.0 = Debug|Any CPU
		{2FEE98FD-AAC8-47C4-9E56-E0CBE54F00CF}.Release|Any CPU.ActiveCfg = Release|Any CPU
		{2FEE98FD-AAC8-47C4-9E56-E0CBE54F00CF}.Release|Any CPU.Build.0 = Release|Any CPU
	EndGlobalSection
	GlobalSection(SolutionProperties) = preSolution
		HideSolutionNode = FALSE
	EndGlobalSection
	GlobalSection(ExtensibilityGlobals) = postSolution
		SolutionGuid = {78F732C6-2385-4762-8B32-C56BEDF2565D}
	EndGlobalSection
EndGlobal
